
Microsoft Visual Studio Solution File, Format Version 12.00
# Visual Studio 15
VisualStudioVersion = 15.0.27130.2003
MinimumVisualStudioVersion = 10.0.40219.1
Project("{FAE04EC0-301F-11D3-BF4B-00C04F79EFBC}") = "ECommerce", "ECommerce\ECommerce.csproj", "{512110FA-1397-42FA-B5F8-94C893355E6A}"
EndProject
Project("{FAE04EC0-301F-11D3-BF4B-00C04F79EFBC}") = "ECommerce.Dominio", "ECommerce.Dominio\ECommerce.Dominio.csproj", "{13044802-F370-4C1E-9DE5-E1FE21CB4B52}"
EndProject
Global
	GlobalSection(SolutionConfigurationPlatforms) = preSolution
		Debug|Any CPU = Debug|Any CPU
		Release|Any CPU = Release|Any CPU
	EndGlobalSection
	GlobalSection(ProjectConfigurationPlatforms) = postSolution
		{512110FA-1397-42FA-B5F8-94C893355E6A}.Debug|Any CPU.ActiveCfg = Debug|Any CPU
		{512110FA-1397-42FA-B5F8-94C893355E6A}.Debug|Any CPU.Build.0 = Debug|Any CPU
		{512110FA-1397-42FA-B5F8-94C893355E6A}.Release|Any CPU.ActiveCfg = Release|Any CPU
		{512110FA-1397-42FA-B5F8-94C893355E6A}.Release|Any CPU.Build.0 = Release|Any CPU
		{13044802-F370-4C1E-9DE5-E1FE21CB4B52}.Debug|Any CPU.ActiveCfg = Debug|Any CPU
		{13044802-F370-4C1E-9DE5-E1FE21CB4B52}.Debug|Any CPU.Build.0 = Debug|Any CPU
		{13044802-F370-4C1E-9DE5-E1FE21CB4B52}.Release|Any CPU.ActiveCfg = Release|Any CPU
		{13044802-F370-4C1E-9DE5-E1FE21CB4B52}.Release|Any CPU.Build.0 = Release|Any CPU
	EndGlobalSection
	GlobalSection(SolutionProperties) = preSolution
		HideSolutionNode = FALSE
	EndGlobalSection
	GlobalSection(ExtensibilityGlobals) = postSolution
		SolutionGuid = {841967B8-86B6-48E8-A845-B1A52EB340A8}
	EndGlobalSection
EndGlobal
